
Microsoft Visual Studio Solution File, Format Version 12.00
# Visual Studio Version 16
VisualStudioVersion = 16.0.31729.503
MinimumVisualStudioVersion = 10.0.40219.1
Project("{FAE04EC0-301F-11D3-BF4B-00C04F79EFBC}") = "ProjetoFinal", "ProjetoFinal\ProjetoFinal.csproj", "{AF395709-B8E7-4698-BA67-F2FD79161F2B}"
EndProject
Global
	GlobalSection(SolutionConfigurationPlatforms) = preSolution
		Debug|Any CPU = Debug|Any CPU
		Release|Any CPU = Release|Any CPU
	EndGlobalSection
	GlobalSection(ProjectConfigurationPlatforms) = postSolution
		{AF395709-B8E7-4698-BA67-F2FD79161F2B}.Debug|Any CPU.ActiveCfg = Debug|Any CPU
		{AF395709-B8E7-4698-BA67-F2FD79161F2B}.Debug|Any CPU.Build.0 = Debug|Any CPU
		{AF395709-B8E7-4698-BA67-F2FD79161F2B}.Release|Any CPU.ActiveCfg = Release|Any CPU
		{AF395709-B8E7-4698-BA67-F2FD79161F2B}.Release|Any CPU.Build.0 = Release|Any CPU
	EndGlobalSection
	GlobalSection(SolutionProperties) = preSolution
		HideSolutionNode = FALSE
	EndGlobalSection
	GlobalSection(ExtensibilityGlobals) = postSolution
		SolutionGuid = {8AA3FBA7-8C4A-421C-A451-C31F3F23EAAE}
	EndGlobalSection
EndGlobal
